// !$*UTF8*$!
{
	archiveVersion = 1;
	classes = {
	};
	objectVersion = 56;
	objects = {

/* Begin PBXBuildFile section */
		A1B2C3D4E5F6789012345678 /* BostedApp.swift in Sources */ = {isa = PBXBuildFile; fileRef = A1B2C3D4E5F6789012345679 /* BostedApp.swift */; };
		A1B2C3D4E5F678901234567A /* LoginView.swift in Sources */ = {isa = PBXBuildFile; fileRef = A1B2C3D4E5F678901234567B /* LoginView.swift */; };
		A1B2C3D4E5F678901234567C /* MainView.swift in Sources */ = {isa = PBXBuildFile; fileRef = A1B2C3D4E5F678901234567D /* MainView.swift */; };
		A1B2C3D4E5F678901234567E /* ShiftPlanView.swift in Sources */ = {isa = PBXBuildFile; fileRef = A1B2C3D4E5F678901234567F /* ShiftPlanView.swift */; };
		A1B2C3D4E5F6789012345680 /* ActivityView.swift in Sources */ = {isa = PBXBuildFile; fileRef = A1B2C3D4E5F6789012345681 /* ActivityView.swift */; };
		A1B2C3D4E5F6789012345682 /* TopBarView.swift in Sources */ = {isa = PBXBuildFile; fileRef = A1B2C3D4E5F6789012345683 /* TopBarView.swift */; };
		A1B2C3D4E5F6789012345684 /* LoginViewModel.swift in Sources */ = {isa = PBXBuildFile; fileRef = A1B2C3D4E5F6789012345685 /* LoginViewModel.swift */; };
		A1B2C3D4E5F6789012345686 /* ShiftPlanViewModel.swift in Sources */ = {isa = PBXBuildFile; fileRef = A1B2C3D4E5F6789012345687 /* ShiftPlanViewModel.swift */; };
		A1B2C3D4E5F6789012345688 /* ActivityViewModel.swift in Sources */ = {isa = PBXBuildFile; fileRef = A1B2C3D4E5F6789012345689 /* ActivityViewModel.swift */; };
		A1B2C3D4E5F67890123456AC /* MainViewModel.swift in Sources */ = {isa = PBXBuildFile; fileRef = A1B2C3D4E5F67890123456AD /* MainViewModel.swift */; };
		A1B2C3D4E5F678901234568A /* User.swift in Sources */ = {isa = PBXBuildFile; fileRef = A1B2C3D4E5F678901234568B /* User.swift */; };
		A1B2C3D4E5F678901234568C /* Shift.swift in Sources */ = {isa = PBXBuildFile; fileRef = A1B2C3D4E5F678901234568D /* Shift.swift */; };
		A1B2C3D4E5F678901234568E /* Activity.swift in Sources */ = {isa = PBXBuildFile; fileRef = A1B2C3D4E5F678901234568F /* Activity.swift */; };
		A1B2C3D4E5F6789012345690 /* DirectusAPIClient.swift in Sources */ = {isa = PBXBuildFile; fileRef = A1B2C3D4E5F6789012345691 /* DirectusAPIClient.swift */; };
		A1B2C3D4E5F6789012345692 /* AuthRepository.swift in Sources */ = {isa = PBXBuildFile; fileRef = A1B2C3D4E5F6789012345693 /* AuthRepository.swift */; };
		A1B2C3D4E5F67890123456AA /* APITypes.swift in Sources */ = {isa = PBXBuildFile; fileRef = A1B2C3D4E5F67890123456AB /* APITypes.swift */; };
		A1B2C3D4E5F6789012345694 /* Assets.xcassets in Resources */ = {isa = PBXBuildFile; fileRef = A1B2C3D4E5F6789012345695 /* Assets.xcassets */; };
/* End PBXBuildFile section */

/* Begin PBXFileReference section */
		A1B2C3D4E5F6789012345676 /* BostedApp.app */ = {isa = PBXFileReference; explicitFileType = wrapper.application; includeInIndex = 0; path = BostedApp.app; sourceTree = BUILT_PRODUCTS_DIR; };
		A1B2C3D4E5F6789012345679 /* BostedApp.swift */ = {isa = PBXFileReference; lastKnownFileType = sourcecode.swift; path = BostedApp.swift; sourceTree = "<group>"; };
		A1B2C3D4E5F678901234567B /* LoginView.swift */ = {isa = PBXFileReference; lastKnownFileType = sourcecode.swift; path = LoginView.swift; sourceTree = "<group>"; };
		A1B2C3D4E5F678901234567D /* MainView.swift */ = {isa = PBXFileReference; lastKnownFileType = sourcecode.swift; path = MainView.swift; sourceTree = "<group>"; };
		A1B2C3D4E5F678901234567F /* ShiftPlanView.swift */ = {isa = PBXFileReference; lastKnownFileType = sourcecode.swift; path = ShiftPlanView.swift; sourceTree = "<group>"; };
		A1B2C3D4E5F6789012345681 /* ActivityView.swift */ = {isa = PBXFileReference; lastKnownFileType = sourcecode.swift; path = ActivityView.swift; sourceTree = "<group>"; };
		A1B2C3D4E5F6789012345683 /* TopBarView.swift */ = {isa = PBXFileReference; lastKnownFileType = sourcecode.swift; path = TopBarView.swift; sourceTree = "<group>"; };
		A1B2C3D4E5F6789012345685 /* LoginViewModel.swift */ = {isa = PBXFileReference; lastKnownFileType = sourcecode.swift; path = LoginViewModel.swift; sourceTree = "<group>"; };
		A1B2C3D4E5F6789012345687 /* ShiftPlanViewModel.swift */ = {isa = PBXFileReference; lastKnownFileType = sourcecode.swift; path = ShiftPlanViewModel.swift; sourceTree = "<group>"; };
		A1B2C3D4E5F6789012345689 /* ActivityViewModel.swift */ = {isa = PBXFileReference; lastKnownFileType = sourcecode.swift; path = ActivityViewModel.swift; sourceTree = "<group>"; };
		A1B2C3D4E5F67890123456AD /* MainViewModel.swift */ = {isa = PBXFileReference; lastKnownFileType = sourcecode.swift; path = MainViewModel.swift; sourceTree = "<group>"; };
		A1B2C3D4E5F678901234568B /* User.swift */ = {isa = PBXFileReference; lastKnownFileType = sourcecode.swift; path = User.swift; sourceTree = "<group>"; };
		A1B2C3D4E5F678901234568D /* Shift.swift */ = {isa = PBXFileReference; lastKnownFileType = sourcecode.swift; path = Shift.swift; sourceTree = "<group>"; };
		A1B2C3D4E5F678901234568F /* Activity.swift */ = {isa = PBXFileReference; lastKnownFileType = sourcecode.swift; path = Activity.swift; sourceTree = "<group>"; };
		A1B2C3D4E5F6789012345691 /* DirectusAPIClient.swift */ = {isa = PBXFileReference; lastKnownFileType = sourcecode.swift; path = DirectusAPIClient.swift; sourceTree = "<group>"; };
		A1B2C3D4E5F6789012345693 /* AuthRepository.swift */ = {isa = PBXFileReference; lastKnownFileType = sourcecode.swift; path = AuthRepository.swift; sourceTree = "<group>"; };
		A1B2C3D4E5F67890123456AB /* APITypes.swift */ = {isa = PBXFileReference; lastKnownFileType = sourcecode.swift; path = APITypes.swift; sourceTree = "<group>"; };
		A1B2C3D4E5F6789012345695 /* Assets.xcassets */ = {isa = PBXFileReference; lastKnownFileType = folder.assetcatalog; path = Assets.xcassets; sourceTree = "<group>"; };
		A1B2C3D4E5F6789012345696 /* Info.plist */ = {isa = PBXFileReference; lastKnownFileType = text.plist.xml; path = Info.plist; sourceTree = "<group>"; };
/* End PBXFileReference section */

/* Begin PBXFrameworksBuildPhase section */
		A1B2C3D4E5F6789012345697 /* Frameworks */ = {
			isa = PBXFrameworksBuildPhase;
			buildActionMask = 2147483647;
			files = (
			);
			runOnlyForDeploymentPostprocessing = 0;
		};
/* End PBXFrameworksBuildPhase section */

/* Begin PBXGroup section */
		A1B2C3D4E5F6789012345698 = {
			isa = PBXGroup;
			children = (
				A1B2C3D4E5F6789012345699 /* BostedApp */,
				A1B2C3D4E5F678901234569A /* Products */,
			);
			sourceTree = "<group>";
		};
		A1B2C3D4E5F6789012345699 /* BostedApp */ = {
			isa = PBXGroup;
			children = (
				A1B2C3D4E5F6789012345679 /* BostedApp.swift */,
				A1B2C3D4E5F678901234569B /* Views */,
				A1B2C3D4E5F678901234569C /* ViewModels */,
				A1B2C3D4E5F678901234569D /* Models */,
				A1B2C3D4E5F678901234569E /* API */,
				A1B2C3D4E5F6789012345695 /* Assets.xcassets */,
				A1B2C3D4E5F6789012345696 /* Info.plist */,
			);
			path = BostedApp;
			sourceTree = "<group>";
		};
		A1B2C3D4E5F678901234569A /* Products */ = {
			isa = PBXGroup;
			children = (
				A1B2C3D4E5F6789012345676 /* BostedApp.app */,
			);
			name = Products;
			sourceTree = "<group>";
		};
		A1B2C3D4E5F678901234569B /* Views */ = {
			isa = PBXGroup;
			children = (
				A1B2C3D4E5F678901234567B /* LoginView.swift */,
				A1B2C3D4E5F678901234567D /* MainView.swift */,
				A1B2C3D4E5F678901234567F /* ShiftPlanView.swift */,
				A1B2C3D4E5F6789012345681 /* ActivityView.swift */,
				A1B2C3D4E5F678901234569F /* Components */,
			);
			path = Views;
			sourceTree = "<group>";
		};
		A1B2C3D4E5F678901234569C /* ViewModels */ = {
			isa = PBXGroup;
			children = (
				A1B2C3D4E5F6789012345685 /* LoginViewModel.swift */,
				A1B2C3D4E5F6789012345687 /* ShiftPlanViewModel.swift */,
				A1B2C3D4E5F6789012345689 /* ActivityViewModel.swift */,
				A1B2C3D4E5F67890123456AD /* MainViewModel.swift */,
			);
			path = ViewModels;
			sourceTree = "<group>";
		};
		A1B2C3D4E5F678901234569D /* Models */ = {
			isa = PBXGroup;
			children = (
				A1B2C3D4E5F678901234568B /* User.swift */,
				A1B2C3D4E5F678901234568D /* Shift.swift */,
				A1B2C3D4E5F678901234568F /* Activity.swift */,
			);
			path = Models;
			sourceTree = "<group>";
		};
		A1B2C3D4E5F678901234569E /* API */ = {
			isa = PBXGroup;
			children = (
				A1B2C3D4E5F67890123456AB /* APITypes.swift */,
				A1B2C3D4E5F6789012345691 /* DirectusAPIClient.swift */,
				A1B2C3D4E5F6789012345693 /* AuthRepository.swift */,
			);
			path = API;
			sourceTree = "<group>";
		};
		A1B2C3D4E5F678901234569F /* Components */ = {
			isa = PBXGroup;
			children = (
				A1B2C3D4E5F6789012345683 /* TopBarView.swift */,
			);
			path = Components;
			sourceTree = "<group>";
		};
/* End PBXGroup section */

/* Begin PBXNativeTarget section */
		A1B2C3D4E5F67890123456A0 /* BostedApp */ = {
			isa = PBXNativeTarget;
			buildConfigurationList = A1B2C3D4E5F67890123456A1 /* Build configuration list for PBXNativeTarget "BostedApp" */;
			buildPhases = (
				A1B2C3D4E5F67890123456A2 /* Sources */,
				A1B2C3D4E5F6789012345697 /* Frameworks */,
				A1B2C3D4E5F67890123456A3 /* Resources */,
			);
			buildRules = (
			);
			dependencies = (
			);
			name = BostedApp;
			productName = BostedApp;
			productReference = A1B2C3D4E5F6789012345676 /* BostedApp.app */;
			productType = "com.apple.product-type.application";
		};
/* End PBXNativeTarget section */

/* Begin PBXProject section */
		A1B2C3D4E5F67890123456A4 /* Project object */ = {
			isa = PBXProject;
			attributes = {
				BuildIndependentTargetsInParallel = 1;
				LastSwiftUpdateCheck = 1500;
				LastUpgradeCheck = 1500;
				TargetAttributes = {
					A1B2C3D4E5F67890123456A0 = {
						CreatedOnToolsVersion = 15.0;
					};
				};
			};
			buildConfigurationList = A1B2C3D4E5F67890123456A5 /* Build configuration list for PBXProject "BostedApp" */;
			compatibilityVersion = "Xcode 14.0";
			developmentRegion = da;
			hasScannedForEncodings = 0;
			knownRegions = (
				da,
				en,
				Base,
			);
			mainGroup = A1B2C3D4E5F6789012345698;
			productRefGroup = A1B2C3D4E5F678901234569A /* Products */;
			projectDirPath = "";
			projectRoot = "";
			targets = (
				A1B2C3D4E5F67890123456A0 /* BostedApp */,
			);
		};
/* End PBXProject section */

/* Begin PBXResourcesBuildPhase section */
		A1B2C3D4E5F67890123456A3 /* Resources */ = {
			isa = PBXResourcesBuildPhase;
			buildActionMask = 2147483647;
			files = (
				A1B2C3D4E5F6789012345694 /* Assets.xcassets in Resources */,
			);
			runOnlyForDeploymentPostprocessing = 0;
		};
/* End PBXResourcesBuildPhase section */

/* Begin PBXSourcesBuildPhase section */
		A1B2C3D4E5F67890123456A2 /* Sources */ = {
			isa = PBXSourcesBuildPhase;
			buildActionMask = 2147483647;
			files = (
				A1B2C3D4E5F6789012345678 /* BostedApp.swift in Sources */,
				A1B2C3D4E5F678901234567A /* LoginView.swift in Sources */,
				A1B2C3D4E5F678901234567C /* MainView.swift in Sources */,
				A1B2C3D4E5F678901234567E /* ShiftPlanView.swift in Sources */,
				A1B2C3D4E5F6789012345680 /* ActivityView.swift in Sources */,
				A1B2C3D4E5F6789012345682 /* TopBarView.swift in Sources */,
				A1B2C3D4E5F6789012345684 /* LoginViewModel.swift in Sources */,
			A1B2C3D4E5F6789012345686 /* ShiftPlanViewModel.swift in Sources */,
			A1B2C3D4E5F6789012345688 /* ActivityViewModel.swift in Sources */,
			A1B2C3D4E5F67890123456AC /* MainViewModel.swift in Sources */,
			A1B2C3D4E5F678901234568A /* User.swift in Sources */,
				A1B2C3D4E5F678901234568C /* Shift.swift in Sources */,
				A1B2C3D4E5F678901234568E /* Activity.swift in Sources */,
				A1B2C3D4E5F67890123456AA /* APITypes.swift in Sources */,
				A1B2C3D4E5F6789012345690 /* DirectusAPIClient.swift in Sources */,
				A1B2C3D4E5F6789012345692 /* AuthRepository.swift in Sources */,
			);
			runOnlyForDeploymentPostprocessing = 0;
		};
/* End PBXSourcesBuildPhase section */

/* Begin XCBuildConfiguration section */
		A1B2C3D4E5F67890123456A6 /* Debug */ = {
			isa = XCBuildConfiguration;
			buildSettings = {
				ALWAYS_SEARCH_USER_PATHS = NO;
				ASSETCATALOG_COMPILER_GENERATE_SWIFT_ASSET_SYMBOL_EXTENSIONS = YES;
				CLANG_ANALYZER_NONNULL = YES;
				CLANG_ANALYZER_NUMBER_OBJECT_CONVERSION = YES_AGGRESSIVE;
				CLANG_CXX_LANGUAGE_STANDARD = "gnu++20";
				CLANG_ENABLE_MODULES = YES;
				CLANG_ENABLE_OBJC_ARC = YES;
				CLANG_ENABLE_OBJC_WEAK = YES;
				CLANG_WARN_BLOCK_CAPTURE_AUTORELEASING = YES;
				CLANG_WARN_BOOL_CONVERSION = YES;
				CLANG_WARN_COMMA = YES;
				CLANG_WARN_CONSTANT_CONVERSION = YES;
				CLANG_WARN_DEPRECATED_OBJC_IMPLEMENTATIONS = YES;
				CLANG_WARN_DIRECT_OBJC_ISA_USAGE = YES_ERROR;
				CLANG_WARN_DOCUMENTATION_COMMENTS = YES;
				CLANG_WARN_EMPTY_BODY = YES;
				CLANG_WARN_ENUM_CONVERSION = YES;
				CLANG_WARN_INFINITE_RECURSION = YES;
				CLANG_WARN_INT_CONVERSION = YES;
				CLANG_WARN_NON_LITERAL_NULL_CONVERSION = YES;
				CLANG_WARN_OBJC_IMPLICIT_RETAIN_SELF = YES;
				CLANG_WARN_OBJC_LITERAL_CONVERSION = YES;
				CLANG_WARN_OBJC_ROOT_CLASS = YES_ERROR;
				CLANG_WARN_QUOTED_INCLUDE_IN_FRAMEWORK_HEADER = YES;
				CLANG_WARN_RANGE_LOOP_ANALYSIS = YES;
				CLANG_WARN_STRICT_PROTOTYPES = YES;
				CLANG_WARN_SUSPICIOUS_MOVE = YES;
				CLANG_WARN_UNGUARDED_AVAILABILITY = YES_AGGRESSIVE;
				CLANG_WARN_UNREACHABLE_CODE = YES;
				CLANG_WARN__DUPLICATE_METHOD_MATCH = YES;
				COPY_PHASE_STRIP = NO;
				DEBUG_INFORMATION_FORMAT = dwarf;
				ENABLE_STRICT_OBJC_MSGSEND = YES;
				ENABLE_TESTABILITY = YES;
				ENABLE_USER_SCRIPT_SANDBOXING = YES;
				GCC_C_LANGUAGE_STANDARD = gnu17;
				GCC_DYNAMIC_NO_PIC = NO;
				GCC_NO_COMMON_BLOCKS = YES;
				GCC_OPTIMIZATION_LEVEL = 0;
				GCC_PREPROCESSOR_DEFINITIONS = (
					"DEBUG=1",
					"$(inherited)",
				);
				GCC_WARN_64_TO_32_BIT_CONVERSION = YES;
				GCC_WARN_ABOUT_RETURN_TYPE = YES_ERROR;
				GCC_WARN_UNDECLARED_SELECTOR = YES;
				GCC_WARN_UNINITIALIZED_AUTOS = YES_AGGRESSIVE;
				GCC_WARN_UNUSED_FUNCTION = YES;
				GCC_WARN_UNUSED_VARIABLE = YES;
				IPHONEOS_DEPLOYMENT_TARGET = 17.0;
				LOCALIZATION_PREFERS_STRING_CATALOGS = YES;
				MTL_ENABLE_DEBUG_INFO = INCLUDE_SOURCE;
				MTL_FAST_MATH = YES;
				ONLY_ACTIVE_ARCH = YES;
				SDKROOT = iphoneos;
				SWIFT_ACTIVE_COMPILATION_CONDITIONS = "DEBUG $(inherited)";
				SWIFT_OPTIMIZATION_LEVEL = "-Onone";
			};
			name = Debug;
		};
		A1B2C3D4E5F67890123456A7 /* Release */ = {
			isa = XCBuildConfiguration;
			buildSettings = {
				ALWAYS_SEARCH_USER_PATHS = NO;
				ASSETCATALOG_COMPILER_GENERATE_SWIFT_ASSET_SYMBOL_EXTENSIONS = YES;
				CLANG_ANALYZER_NONNULL = YES;
				CLANG_ANALYZER_NUMBER_OBJECT_CONVERSION = YES_AGGRESSIVE;
				CLANG_CXX_LANGUAGE_STANDARD = "gnu++20";
				CLANG_ENABLE_MODULES = YES;
				CLANG_ENABLE_OBJC_ARC = YES;
				CLANG_ENABLE_OBJC_WEAK = YES;
				CLANG_WARN_BLOCK_CAPTURE_AUTORELEASING = YES;
				CLANG_WARN_BOOL_CONVERSION = YES;
				CLANG_WARN_COMMA = YES;
				CLANG_WARN_CONSTANT_CONVERSION = YES;
				CLANG_WARN_DEPRECATED_OBJC_IMPLEMENTATIONS = YES;
				CLANG_WARN_DIRECT_OBJC_ISA_USAGE = YES_ERROR;
				CLANG_WARN_DOCUMENTATION_COMMENTS = YES;
				CLANG_WARN_EMPTY_BODY = YES;
				CLANG_WARN_ENUM_CONVERSION = YES;
				CLANG_WARN_INFINITE_RECURSION = YES;
				CLANG_WARN_INT_CONVERSION = YES;
				CLANG_WARN_NON_LITERAL_NULL_CONVERSION = YES;
				CLANG_WARN_OBJC_IMPLICIT_RETAIN_SELF = YES;
				CLANG_WARN_OBJC_LITERAL_CONVERSION = YES;
				CLANG_WARN_OBJC_ROOT_CLASS = YES_ERROR;
				CLANG_WARN_QUOTED_INCLUDE_IN_FRAMEWORK_HEADER = YES;
				CLANG_WARN_RANGE_LOOP_ANALYSIS = YES;
				CLANG_WARN_STRICT_PROTOTYPES = YES;
				CLANG_WARN_SUSPICIOUS_MOVE = YES;
				CLANG_WARN_UNGUARDED_AVAILABILITY = YES_AGGRESSIVE;
				CLANG_WARN_UNREACHABLE_CODE = YES;
				CLANG_WARN__DUPLICATE_METHOD_MATCH = YES;
				COPY_PHASE_STRIP = NO;
				DEBUG_INFORMATION_FORMAT = "dwarf-with-dsym";
				ENABLE_NS_ASSERTIONS = NO;
				ENABLE_STRICT_OBJC_MSGSEND = YES;
				ENABLE_USER_SCRIPT_SANDBOXING = YES;
				GCC_C_LANGUAGE_STANDARD = gnu17;
				GCC_NO_COMMON_BLOCKS = YES;
				GCC_WARN_64_TO_32_BIT_CONVERSION = YES;
				GCC_WARN_ABOUT_RETURN_TYPE = YES_ERROR;
				GCC_WARN_UNDECLARED_SELECTOR = YES;
				GCC_WARN_UNINITIALIZED_AUTOS = YES_AGGRESSIVE;
				GCC_WARN_UNUSED_FUNCTION = YES;
				GCC_WARN_UNUSED_VARIABLE = YES;
				IPHONEOS_DEPLOYMENT_TARGET = 17.0;
				LOCALIZATION_PREFERS_STRING_CATALOGS = YES;
				MTL_ENABLE_DEBUG_INFO = NO;
				MTL_FAST_MATH = YES;
				SDKROOT = iphoneos;
				SWIFT_COMPILATION_MODE = wholemodule;
				VALIDATE_PRODUCT = YES;
			};
			name = Release;
		};
		A1B2C3D4E5F67890123456A8 /* Debug */ = {
			isa = XCBuildConfiguration;
			buildSettings = {
				ASSETCATALOG_COMPILER_APPICON_NAME = AppIcon;
				ASSETCATALOG_COMPILER_GLOBAL_ACCENT_COLOR_NAME = AccentColor;
				CODE_SIGN_STYLE = Automatic;
				CURRENT_PROJECT_VERSION = 1;
				DEVELOPMENT_ASSET_PATHS = "";
				ENABLE_PREVIEWS = YES;
				GENERATE_INFOPLIST_FILE = YES;
				INFOPLIST_FILE = BostedApp/Info.plist;
				INFOPLIST_KEY_UIApplicationSceneManifest_Generation = YES;
				INFOPLIST_KEY_UIApplicationSupportsIndirectInputEvents = YES;
				INFOPLIST_KEY_UILaunchScreen_Generation = YES;
				INFOPLIST_KEY_UISupportedInterfaceOrientations = "UIInterfaceOrientationPortrait UIInterfaceOrientationPortraitUpsideDown";
				INFOPLIST_KEY_UISupportedInterfaceOrientations_iPad = "UIInterfaceOrientationLandscapeLeft UIInterfaceOrientationLandscapeRight UIInterfaceOrientationPortrait UIInterfaceOrientationPortraitUpsideDown";
				LD_RUNPATH_SEARCH_PATHS = (
					"$(inherited)",
					"@executable_path/Frameworks",
				);
				MARKETING_VERSION = 1.0;
				PRODUCT_BUNDLE_IDENTIFIER = dk.teamop.BostedApp;
				PRODUCT_NAME = "$(TARGET_NAME)";
				SWIFT_EMIT_LOC_STRINGS = YES;
				SWIFT_VERSION = 5.0;
				TARGETED_DEVICE_FAMILY = "1,2";
			};
			name = Debug;
		};
		A1B2C3D4E5F67890123456A9 /* Release */ = {
			isa = XCBuildConfiguration;
			buildSettings = {
				ASSETCATALOG_COMPILER_APPICON_NAME = AppIcon;
				ASSETCATALOG_COMPILER_GLOBAL_ACCENT_COLOR_NAME = AccentColor;
				CODE_SIGN_STYLE = Automatic;
				CURRENT_PROJECT_VERSION = 1;
				DEVELOPMENT_ASSET_PATHS = "";
				ENABLE_PREVIEWS = YES;
				GENERATE_INFOPLIST_FILE = YES;
				INFOPLIST_FILE = BostedApp/Info.plist;
				INFOPLIST_KEY_UIApplicationSceneManifest_Generation = YES;
				INFOPLIST_KEY_UIApplicationSupportsIndirectInputEvents = YES;
				INFOPLIST_KEY_UILaunchScreen_Generation = YES;
				INFOPLIST_KEY_UISupportedInterfaceOrientations = "UIInterfaceOrientationPortrait UIInterfaceOrientationPortraitUpsideDown";
				INFOPLIST_KEY_UISupportedInterfaceOrientations_iPad = "UIInterfaceOrientationLandscapeLeft UIInterfaceOrientationLandscapeRight UIInterfaceOrientationPortrait UIInterfaceOrientationPortraitUpsideDown";
				LD_RUNPATH_SEARCH_PATHS = (
					"$(inherited)",
					"@executable_path/Frameworks",
				);
				MARKETING_VERSION = 1.0;
				PRODUCT_BUNDLE_IDENTIFIER = dk.teamop.BostedApp;
				PRODUCT_NAME = "$(TARGET_NAME)";
				SWIFT_EMIT_LOC_STRINGS = YES;
				SWIFT_VERSION = 5.0;
				TARGETED_DEVICE_FAMILY = "1,2";
			};
			name = Release;
		};
/* End XCBuildConfiguration section */

/* Begin XCConfigurationList section */
		A1B2C3D4E5F67890123456A1 /* Build configuration list for PBXNativeTarget "BostedApp" */ = {
			isa = XCConfigurationList;
			buildConfigurations = (
				A1B2C3D4E5F67890123456A8 /* Debug */,
				A1B2C3D4E5F67890123456A9 /* Release */,
			);
			defaultConfigurationIsVisible = 0;
			defaultConfigurationName = Release;
		};
		A1B2C3D4E5F67890123456A5 /* Build configuration list for PBXProject "BostedApp" */ = {
			isa = XCConfigurationList;
			buildConfigurations = (
				A1B2C3D4E5F67890123456A6 /* Debug */,
				A1B2C3D4E5F67890123456A7 /* Release */,
			);
			defaultConfigurationIsVisible = 0;
			defaultConfigurationName = Release;
		};
/* End XCConfigurationList section */
	};
	rootObject = A1B2C3D4E5F67890123456A4 /* Project object */;
}
